
Microsoft Visual Studio Solution File, Format Version 12.00
# Visual Studio Version 17
VisualStudioVersion = 17.0.31912.275
MinimumVisualStudioVersion = 10.0.40219.1
Project("{FAE04EC0-301F-11D3-BF4B-00C04F79EFBC}") = "FireRnRGUI", "FireRnRGUI\FireRnRGUI.csproj", "{058ED6B3-AA7D-4B88-865F-D4BD53BCCBF9}"
EndProject
Global
	GlobalSection(SolutionConfigurationPlatforms) = preSolution
		Debug|Any CPU = Debug|Any CPU
		Release|Any CPU = Release|Any CPU
	EndGlobalSection
	GlobalSection(ProjectConfigurationPlatforms) = postSolution
		{058ED6B3-AA7D-4B88-865F-D4BD53BCCBF9}.Debug|Any CPU.ActiveCfg = Debug|Any CPU
		{058ED6B3-AA7D-4B88-865F-D4BD53BCCBF9}.Debug|Any CPU.Build.0 = Debug|Any CPU
		{058ED6B3-AA7D-4B88-865F-D4BD53BCCBF9}.Release|Any CPU.ActiveCfg = Release|Any CPU
		{058ED6B3-AA7D-4B88-865F-D4BD53BCCBF9}.Release|Any CPU.Build.0 = Release|Any CPU
	EndGlobalSection
	GlobalSection(SolutionProperties) = preSolution
		HideSolutionNode = FALSE
	EndGlobalSection
	GlobalSection(ExtensibilityGlobals) = postSolution
		SolutionGuid = {3EBBE7AA-466B-4FC8-8D50-6D9F1B406147}
	EndGlobalSection
EndGlobal
